
Microsoft Visual Studio Solution File, Format Version 12.00
# Visual Studio Version 17
VisualStudioVersion = 17.10.35004.147
MinimumVisualStudioVersion = 10.0.40219.1
Project("{F184B08F-C81C-45F6-A57F-5ABD9991F28F}") = "Library Management System", "Library Management System\Library Management System.vbproj", "{BB1B9156-5CB6-497F-9CFD-8001AB336210}"
EndProject
Global
	GlobalSection(SolutionConfigurationPlatforms) = preSolution
		Debug|Any CPU = Debug|Any CPU
		Release|Any CPU = Release|Any CPU
	EndGlobalSection
	GlobalSection(ProjectConfigurationPlatforms) = postSolution
		{BB1B9156-5CB6-497F-9CFD-8001AB336210}.Debug|Any CPU.ActiveCfg = Debug|Any CPU
		{BB1B9156-5CB6-497F-9CFD-8001AB336210}.Debug|Any CPU.Build.0 = Debug|Any CPU
		{BB1B9156-5CB6-497F-9CFD-8001AB336210}.Release|Any CPU.ActiveCfg = Release|Any CPU
		{BB1B9156-5CB6-497F-9CFD-8001AB336210}.Release|Any CPU.Build.0 = Release|Any CPU
	EndGlobalSection
	GlobalSection(SolutionProperties) = preSolution
		HideSolutionNode = FALSE
	EndGlobalSection
	GlobalSection(ExtensibilityGlobals) = postSolution
		SolutionGuid = {6B4E9C4D-9DCE-491E-AC61-C0C493534F7E}
	EndGlobalSection
EndGlobal
